// !$*UTF8*$!
{
	archiveVersion = 1;
	classes = {};
	objectVersion = 77;
	objects = {

/* Begin PBXBuildFile section */
		A10000000000000000000101 /* SwarmGateApp.swift in Sources */ = {isa = PBXBuildFile; fileRef = A10000000000000000000201 /* SwarmGateApp.swift */; };
		A10000000000000000000102 /* DefenseHomeView.swift in Sources */ = {isa = PBXBuildFile; fileRef = A10000000000000000000202 /* DefenseHomeView.swift */; };
		A10000000000000000000103 /* SwarmGateLaunchTests.swift in Sources */ = {isa = PBXBuildFile; fileRef = A10000000000000000000203 /* SwarmGateLaunchTests.swift */; };
		A10000000000000000000104 /* SwarmGateKit in Frameworks */ = {isa = PBXBuildFile; productRef = A10000000000000000000801 /* SwarmGateKit */; };
		A10000000000000000000105 /* SwarmGateStore in Frameworks */ = {isa = PBXBuildFile; productRef = A10000000000000000000803 /* SwarmGateStore */; };
		A10000000000000000000106 /* GameSession.swift in Sources */ = {isa = PBXBuildFile; fileRef = A10000000000000000000206 /* GameSession.swift */; };
		A10000000000000000000107 /* PlayableView.swift in Sources */ = {isa = PBXBuildFile; fileRef = A10000000000000000000207 /* PlayableView.swift */; };
		A10000000000000000000108 /* DefenseWorkspaceLayout.swift in Sources */ = {isa = PBXBuildFile; fileRef = A10000000000000000000208 /* DefenseWorkspaceLayout.swift */; };
/* End PBXBuildFile section */

/* Begin PBXContainerItemProxy section */
		A10000000000000000000301 /* PBXContainerItemProxy */ = {
			isa = PBXContainerItemProxy;
			containerPortal = A10000000000000000000000 /* Project object */;
			proxyType = 1;
			remoteGlobalIDString = A10000000000000000000001;
			remoteInfo = SwarmGate;
		};
/* End PBXContainerItemProxy section */

/* Begin PBXFileReference section */
		A10000000000000000000201 /* SwarmGateApp.swift */ = {isa = PBXFileReference; lastKnownFileType = sourcecode.swift; path = SwarmGateApp.swift; sourceTree = "<group>"; };
		A10000000000000000000202 /* DefenseHomeView.swift */ = {isa = PBXFileReference; lastKnownFileType = sourcecode.swift; path = DefenseHomeView.swift; sourceTree = "<group>"; };
		A10000000000000000000203 /* SwarmGateLaunchTests.swift */ = {isa = PBXFileReference; lastKnownFileType = sourcecode.swift; path = SwarmGateLaunchTests.swift; sourceTree = "<group>"; };
		A10000000000000000000206 /* GameSession.swift */ = {isa = PBXFileReference; lastKnownFileType = sourcecode.swift; path = GameSession.swift; sourceTree = "<group>"; };
		A10000000000000000000207 /* PlayableView.swift */ = {isa = PBXFileReference; lastKnownFileType = sourcecode.swift; path = PlayableView.swift; sourceTree = "<group>"; };
		A10000000000000000000208 /* DefenseWorkspaceLayout.swift */ = {isa = PBXFileReference; lastKnownFileType = sourcecode.swift; path = DefenseWorkspaceLayout.swift; sourceTree = "<group>"; };
		A10000000000000000000204 /* SwarmGate.app */ = {isa = PBXFileReference; explicitFileType = wrapper.application; includeInIndex = 0; path = SwarmGate.app; sourceTree = BUILT_PRODUCTS_DIR; };
		A10000000000000000000205 /* SwarmGateUITests.xctest */ = {isa = PBXFileReference; explicitFileType = wrapper.cfbundle; includeInIndex = 0; path = SwarmGateUITests.xctest; sourceTree = BUILT_PRODUCTS_DIR; };
/* End PBXFileReference section */

/* Begin PBXFrameworksBuildPhase section */
		A10000000000000000000401 /* Frameworks */ = {
			isa = PBXFrameworksBuildPhase;
			buildActionMask = 2147483647;
			files = (A10000000000000000000104 /* SwarmGateKit in Frameworks */, A10000000000000000000105 /* SwarmGateStore in Frameworks */,);
			runOnlyForDeploymentPostprocessing = 0;
		};
		A10000000000000000000402 /* Frameworks */ = {
			isa = PBXFrameworksBuildPhase;
			buildActionMask = 2147483647;
			files = ();
			runOnlyForDeploymentPostprocessing = 0;
		};
/* End PBXFrameworksBuildPhase section */

/* Begin PBXGroup section */
		A10000000000000000000500 = {
			isa = PBXGroup;
			children = (
				A10000000000000000000501 /* App */,
				A10000000000000000000502 /* UITests */,
				A10000000000000000000503 /* Products */,
			);
			sourceTree = "<group>";
		};
		A10000000000000000000501 /* App */ = {
			isa = PBXGroup;
			children = (
				A10000000000000000000201 /* SwarmGateApp.swift */,
				A10000000000000000000202 /* DefenseHomeView.swift */,
				A10000000000000000000206 /* GameSession.swift */,
				A10000000000000000000207 /* PlayableView.swift */,
				A10000000000000000000208 /* DefenseWorkspaceLayout.swift */,
			);
			path = SwarmGate/App;
			sourceTree = "<group>";
		};
		A10000000000000000000502 /* UITests */ = {
			isa = PBXGroup;
			children = (A10000000000000000000203 /* SwarmGateLaunchTests.swift */,);
			path = SwarmGate/UITests;
			sourceTree = "<group>";
		};
		A10000000000000000000503 /* Products */ = {
			isa = PBXGroup;
			children = (
				A10000000000000000000204 /* SwarmGate.app */,
				A10000000000000000000205 /* SwarmGateUITests.xctest */,
			);
			name = Products;
			sourceTree = "<group>";
		};
/* End PBXGroup section */

/* Begin PBXNativeTarget section */
		A10000000000000000000001 /* SwarmGate */ = {
			isa = PBXNativeTarget;
			buildConfigurationList = A10000000000000000000601 /* Build configuration list for PBXNativeTarget "SwarmGate" */;
			buildPhases = (
				A10000000000000000000701 /* Sources */,
				A10000000000000000000401 /* Frameworks */,
				A10000000000000000000703 /* Resources */,
			);
			buildRules = ();
			dependencies = ();
			name = SwarmGate;
			packageProductDependencies = (A10000000000000000000801 /* SwarmGateKit */, A10000000000000000000803 /* SwarmGateStore */,);
			productName = SwarmGate;
			productReference = A10000000000000000000204 /* SwarmGate.app */;
			productType = "com.apple.product-type.application";
		};
		A10000000000000000000002 /* SwarmGateUITests */ = {
			isa = PBXNativeTarget;
			buildConfigurationList = A10000000000000000000602 /* Build configuration list for PBXNativeTarget "SwarmGateUITests" */;
			buildPhases = (
				A10000000000000000000702 /* Sources */,
				A10000000000000000000402 /* Frameworks */,
				A10000000000000000000704 /* Resources */,
			);
			buildRules = ();
			dependencies = (A10000000000000000000302 /* PBXTargetDependency */,);
			name = SwarmGateUITests;
			productName = SwarmGateUITests;
			productReference = A10000000000000000000205 /* SwarmGateUITests.xctest */;
			productType = "com.apple.product-type.bundle.ui-testing";
		};
/* End PBXNativeTarget section */

/* Begin PBXProject section */
		A10000000000000000000000 /* Project object */ = {
			isa = PBXProject;
			attributes = {
				BuildIndependentTargetsInParallel = 1;
				LastSwiftUpdateCheck = 2600;
				LastUpgradeCheck = 2600;
				TargetAttributes = {
					A10000000000000000000001 = {CreatedOnToolsVersion = 26.0;};
					A10000000000000000000002 = {CreatedOnToolsVersion = 26.0; TestTargetID = A10000000000000000000001;};
				};
			};
			buildConfigurationList = A10000000000000000000600 /* Build configuration list for PBXProject "SwarmGate" */;
			compatibilityVersion = "Xcode 16.0";
			developmentRegion = en;
			hasScannedForEncodings = 0;
			knownRegions = (en, Base,);
			mainGroup = A10000000000000000000500;
			minimizedProjectReferenceProxies = 1;
			packageReferences = (A10000000000000000000800 /* XCLocalSwiftPackageReference "Packages/SwarmGateKit" */, A10000000000000000000802 /* XCLocalSwiftPackageReference "Packages/SwarmGateStore" */,);
			preferredProjectObjectVersion = 77;
			productRefGroup = A10000000000000000000503 /* Products */;
			projectDirPath = "";
			projectRoot = "";
			targets = (
				A10000000000000000000001 /* SwarmGate */,
				A10000000000000000000002 /* SwarmGateUITests */,
			);
		};
/* End PBXProject section */

/* Begin PBXResourcesBuildPhase section */
		A10000000000000000000703 /* Resources */ = {isa = PBXResourcesBuildPhase; buildActionMask = 2147483647; files = (); runOnlyForDeploymentPostprocessing = 0;};
		A10000000000000000000704 /* Resources */ = {isa = PBXResourcesBuildPhase; buildActionMask = 2147483647; files = (); runOnlyForDeploymentPostprocessing = 0;};
/* End PBXResourcesBuildPhase section */

/* Begin PBXSourcesBuildPhase section */
		A10000000000000000000701 /* Sources */ = {
			isa = PBXSourcesBuildPhase;
			buildActionMask = 2147483647;
			files = (
				A10000000000000000000101 /* SwarmGateApp.swift in Sources */,
				A10000000000000000000102 /* DefenseHomeView.swift in Sources */,
				A10000000000000000000106 /* GameSession.swift in Sources */,
				A10000000000000000000107 /* PlayableView.swift in Sources */,
				A10000000000000000000108 /* DefenseWorkspaceLayout.swift in Sources */,
			);
			runOnlyForDeploymentPostprocessing = 0;
		};
		A10000000000000000000702 /* Sources */ = {
			isa = PBXSourcesBuildPhase;
			buildActionMask = 2147483647;
			files = (A10000000000000000000103 /* SwarmGateLaunchTests.swift in Sources */,);
			runOnlyForDeploymentPostprocessing = 0;
		};
/* End PBXSourcesBuildPhase section */

/* Begin PBXTargetDependency section */
		A10000000000000000000302 /* PBXTargetDependency */ = {isa = PBXTargetDependency; target = A10000000000000000000001 /* SwarmGate */; targetProxy = A10000000000000000000301 /* PBXContainerItemProxy */;};
/* End PBXTargetDependency section */

/* Begin XCBuildConfiguration section */
		A10000000000000000000901 /* Debug */ = {isa = XCBuildConfiguration; buildSettings = {CLANG_ENABLE_MODULES = YES; ENABLE_USER_SCRIPT_SANDBOXING = YES; IPHONEOS_DEPLOYMENT_TARGET = 26.0; ONLY_ACTIVE_ARCH = YES; SDKROOT = iphoneos; SWIFT_VERSION = 6.0;}; name = Debug;};
		A10000000000000000000902 /* Release */ = {isa = XCBuildConfiguration; buildSettings = {CLANG_ENABLE_MODULES = YES; ENABLE_USER_SCRIPT_SANDBOXING = YES; IPHONEOS_DEPLOYMENT_TARGET = 26.0; SDKROOT = iphoneos; SWIFT_COMPILATION_MODE = wholemodule; SWIFT_VERSION = 6.0;}; name = Release;};
		A10000000000000000000903 /* Debug */ = {
			isa = XCBuildConfiguration;
			buildSettings = {
				CODE_SIGNING_ALLOWED = NO;
				CODE_SIGNING_REQUIRED = NO;
				CURRENT_PROJECT_VERSION = 1;
				GENERATE_INFOPLIST_FILE = YES;
				INFOPLIST_KEY_CFBundleDisplayName = "SwarmGate";
				INFOPLIST_KEY_UILaunchScreen_Generation = YES;
				IPHONEOS_DEPLOYMENT_TARGET = 26.0;
				MARKETING_VERSION = 0.1.0;
				PRODUCT_BUNDLE_IDENTIFIER = com.infinityball.swarmgate;
				PRODUCT_NAME = "$(TARGET_NAME)";
				SUPPORTED_PLATFORMS = "iphoneos iphonesimulator";
				SWIFT_EMIT_LOC_STRINGS = YES;
				SWIFT_VERSION = 6.0;
				TARGETED_DEVICE_FAMILY = 1;
			};
			name = Debug;
		};
		A10000000000000000000904 /* Release */ = {
			isa = XCBuildConfiguration;
			buildSettings = {
				CODE_SIGNING_ALLOWED = NO;
				CODE_SIGNING_REQUIRED = NO;
				CURRENT_PROJECT_VERSION = 1;
				GENERATE_INFOPLIST_FILE = YES;
				INFOPLIST_KEY_CFBundleDisplayName = "SwarmGate";
				INFOPLIST_KEY_UILaunchScreen_Generation = YES;
				IPHONEOS_DEPLOYMENT_TARGET = 26.0;
				MARKETING_VERSION = 0.1.0;
				PRODUCT_BUNDLE_IDENTIFIER = com.infinityball.swarmgate;
				PRODUCT_NAME = "$(TARGET_NAME)";
				SUPPORTED_PLATFORMS = "iphoneos iphonesimulator";
				SWIFT_EMIT_LOC_STRINGS = YES;
				SWIFT_VERSION = 6.0;
				TARGETED_DEVICE_FAMILY = 1;
			};
			name = Release;
		};
		A10000000000000000000905 /* Debug */ = {
			isa = XCBuildConfiguration;
			buildSettings = {
				CODE_SIGNING_ALLOWED = NO;
				CODE_SIGNING_REQUIRED = NO;
				GENERATE_INFOPLIST_FILE = YES;
				IPHONEOS_DEPLOYMENT_TARGET = 26.0;
				PRODUCT_BUNDLE_IDENTIFIER = com.infinityball.swarmgate.uitests;
				PRODUCT_NAME = "$(TARGET_NAME)";
				SUPPORTED_PLATFORMS = "iphoneos iphonesimulator";
				SWIFT_VERSION = 6.0;
				TARGETED_DEVICE_FAMILY = 1;
				TEST_TARGET_NAME = SwarmGate;
			};
			name = Debug;
		};
		A10000000000000000000906 /* Release */ = {
			isa = XCBuildConfiguration;
			buildSettings = {
				CODE_SIGNING_ALLOWED = NO;
				CODE_SIGNING_REQUIRED = NO;
				GENERATE_INFOPLIST_FILE = YES;
				IPHONEOS_DEPLOYMENT_TARGET = 26.0;
				PRODUCT_BUNDLE_IDENTIFIER = com.infinityball.swarmgate.uitests;
				PRODUCT_NAME = "$(TARGET_NAME)";
				SUPPORTED_PLATFORMS = "iphoneos iphonesimulator";
				SWIFT_VERSION = 6.0;
				TARGETED_DEVICE_FAMILY = 1;
				TEST_TARGET_NAME = SwarmGate;
			};
			name = Release;
		};
/* End XCBuildConfiguration section */

/* Begin XCConfigurationList section */
		A10000000000000000000600 /* Build configuration list for PBXProject "SwarmGate" */ = {isa = XCConfigurationList; buildConfigurations = (A10000000000000000000901 /* Debug */, A10000000000000000000902 /* Release */,); defaultConfigurationIsVisible = 0; defaultConfigurationName = Release;};
		A10000000000000000000601 /* Build configuration list for PBXNativeTarget "SwarmGate" */ = {isa = XCConfigurationList; buildConfigurations = (A10000000000000000000903 /* Debug */, A10000000000000000000904 /* Release */,); defaultConfigurationIsVisible = 0; defaultConfigurationName = Release;};
		A10000000000000000000602 /* Build configuration list for PBXNativeTarget "SwarmGateUITests" */ = {isa = XCConfigurationList; buildConfigurations = (A10000000000000000000905 /* Debug */, A10000000000000000000906 /* Release */,); defaultConfigurationIsVisible = 0; defaultConfigurationName = Release;};
/* End XCConfigurationList section */

/* Begin XCLocalSwiftPackageReference section */
		A10000000000000000000800 /* XCLocalSwiftPackageReference "Packages/SwarmGateKit" */ = {isa = XCLocalSwiftPackageReference; relativePath = Packages/SwarmGateKit;};
		A10000000000000000000802 /* XCLocalSwiftPackageReference "Packages/SwarmGateStore" */ = {isa = XCLocalSwiftPackageReference; relativePath = Packages/SwarmGateStore;};
/* End XCLocalSwiftPackageReference section */

/* Begin XCSwiftPackageProductDependency section */
		A10000000000000000000801 /* SwarmGateKit */ = {isa = XCSwiftPackageProductDependency; productName = SwarmGateKit;};
		A10000000000000000000803 /* SwarmGateStore */ = {isa = XCSwiftPackageProductDependency; productName = SwarmGateStore;};
/* End XCSwiftPackageProductDependency section */
	};
	rootObject = A10000000000000000000000 /* Project object */;
}
